
Microsoft Visual Studio Solution File, Format Version 12.00
# Visual Studio 14
VisualStudioVersion = 14.0.23107.0
MinimumVisualStudioVersion = 10.0.40219.1
Project("{FAE04EC0-301F-11D3-BF4B-00C04F79EFBC}") = "DolarBlue", "DolarBlue\DolarBlue.csproj", "{0FDC8058-60A7-4E98-A912-557B8CF61D95}"
EndProject
Project("{FAE04EC0-301F-11D3-BF4B-00C04F79EFBC}") = "DolarBlueAgent", "DolarBlue.Agent\DolarBlueAgent.csproj", "{08777305-9D1B-4C1B-A4B4-884AB0EDB167}"
EndProject
Global
	GlobalSection(SolutionConfigurationPlatforms) = preSolution
		Debug|Any CPU = Debug|Any CPU
		Debug|ARM = Debug|ARM
		Debug|x86 = Debug|x86
		Release|Any CPU = Release|Any CPU
		Release|ARM = Release|ARM
		Release|x86 = Release|x86
	EndGlobalSection
	GlobalSection(ProjectConfigurationPlatforms) = postSolution
		{0FDC8058-60A7-4E98-A912-557B8CF61D95}.Debug|Any CPU.ActiveCfg = Debug|Any CPU
		{0FDC8058-60A7-4E98-A912-557B8CF61D95}.Debug|Any CPU.Build.0 = Debug|Any CPU
		{0FDC8058-60A7-4E98-A912-557B8CF61D95}.Debug|Any CPU.Deploy.0 = Debug|Any CPU
		{0FDC8058-60A7-4E98-A912-557B8CF61D95}.Debug|ARM.ActiveCfg = Debug|ARM
		{0FDC8058-60A7-4E98-A912-557B8CF61D95}.Debug|ARM.Build.0 = Debug|ARM
		{0FDC8058-60A7-4E98-A912-557B8CF61D95}.Debug|ARM.Deploy.0 = Debug|ARM
		{0FDC8058-60A7-4E98-A912-557B8CF61D95}.Debug|x86.ActiveCfg = Debug|x86
		{0FDC8058-60A7-4E98-A912-557B8CF61D95}.Debug|x86.Build.0 = Debug|x86
		{0FDC8058-60A7-4E98-A912-557B8CF61D95}.Debug|x86.Deploy.0 = Debug|x86
		{0FDC8058-60A7-4E98-A912-557B8CF61D95}.Release|Any CPU.ActiveCfg = Release|Any CPU
		{0FDC8058-60A7-4E98-A912-557B8CF61D95}.Release|Any CPU.Build.0 = Release|Any CPU
		{0FDC8058-60A7-4E98-A912-557B8CF61D95}.Release|Any CPU.Deploy.0 = Release|Any CPU
		{0FDC8058-60A7-4E98-A912-557B8CF61D95}.Release|ARM.ActiveCfg = Release|ARM
		{0FDC8058-60A7-4E98-A912-557B8CF61D95}.Release|ARM.Build.0 = Release|ARM
		{0FDC8058-60A7-4E98-A912-557B8CF61D95}.Release|ARM.Deploy.0 = Release|ARM
		{0FDC8058-60A7-4E98-A912-557B8CF61D95}.Release|x86.ActiveCfg = Release|x86
		{0FDC8058-60A7-4E98-A912-557B8CF61D95}.Release|x86.Build.0 = Release|x86
		{0FDC8058-60A7-4E98-A912-557B8CF61D95}.Release|x86.Deploy.0 = Release|x86
		{08777305-9D1B-4C1B-A4B4-884AB0EDB167}.Debug|Any CPU.ActiveCfg = Debug|Any CPU
		{08777305-9D1B-4C1B-A4B4-884AB0EDB167}.Debug|Any CPU.Build.0 = Debug|Any CPU
		{08777305-9D1B-4C1B-A4B4-884AB0EDB167}.Debug|ARM.ActiveCfg = Debug|ARM
		{08777305-9D1B-4C1B-A4B4-884AB0EDB167}.Debug|ARM.Build.0 = Debug|ARM
		{08777305-9D1B-4C1B-A4B4-884AB0EDB167}.Debug|x86.ActiveCfg = Debug|x86
		{08777305-9D1B-4C1B-A4B4-884AB0EDB167}.Debug|x86.Build.0 = Debug|x86
		{08777305-9D1B-4C1B-A4B4-884AB0EDB167}.Release|Any CPU.ActiveCfg = Release|Any CPU
		{08777305-9D1B-4C1B-A4B4-884AB0EDB167}.Release|Any CPU.Build.0 = Release|Any CPU
		{08777305-9D1B-4C1B-A4B4-884AB0EDB167}.Release|ARM.ActiveCfg = Release|ARM
		{08777305-9D1B-4C1B-A4B4-884AB0EDB167}.Release|ARM.Build.0 = Release|ARM
		{08777305-9D1B-4C1B-A4B4-884AB0EDB167}.Release|x86.ActiveCfg = Release|x86
		{08777305-9D1B-4C1B-A4B4-884AB0EDB167}.Release|x86.Build.0 = Release|x86
	EndGlobalSection
	GlobalSection(SolutionProperties) = preSolution
		HideSolutionNode = FALSE
	EndGlobalSection
EndGlobal
