
Microsoft Visual Studio Solution File, Format Version 12.00
# Visual Studio 2012
Project("{FAE04EC0-301F-11D3-BF4B-00C04F79EFBC}") = "DolarBlue", "DolarBlue\DolarBlue.csproj", "{0FDC8058-60A7-4E98-A912-557B8CF61D95}"
EndProject
Project("{FAE04EC0-301F-11D3-BF4B-00C04F79EFBC}") = "DolarBlue.Agent", "DolarBlue.Agent\DolarBlue.Agent.csproj", "{08777305-9D1B-4C1B-A4B4-884AB0EDB167}"
EndProject
Global
	GlobalSection(SolutionConfigurationPlatforms) = preSolution
		Debug|Any CPU = Debug|Any CPU
		Release|Any CPU = Release|Any CPU
	EndGlobalSection
	GlobalSection(ProjectConfigurationPlatforms) = postSolution
		{0FDC8058-60A7-4E98-A912-557B8CF61D95}.Debug|Any CPU.ActiveCfg = Debug|Any CPU
		{0FDC8058-60A7-4E98-A912-557B8CF61D95}.Debug|Any CPU.Build.0 = Debug|Any CPU
		{0FDC8058-60A7-4E98-A912-557B8CF61D95}.Debug|Any CPU.Deploy.0 = Debug|Any CPU
		{0FDC8058-60A7-4E98-A912-557B8CF61D95}.Release|Any CPU.ActiveCfg = Release|Any CPU
		{0FDC8058-60A7-4E98-A912-557B8CF61D95}.Release|Any CPU.Build.0 = Release|Any CPU
		{0FDC8058-60A7-4E98-A912-557B8CF61D95}.Release|Any CPU.Deploy.0 = Release|Any CPU
		{08777305-9D1B-4C1B-A4B4-884AB0EDB167}.Debug|Any CPU.ActiveCfg = Debug|Any CPU
		{08777305-9D1B-4C1B-A4B4-884AB0EDB167}.Debug|Any CPU.Build.0 = Debug|Any CPU
		{08777305-9D1B-4C1B-A4B4-884AB0EDB167}.Release|Any CPU.ActiveCfg = Release|Any CPU
		{08777305-9D1B-4C1B-A4B4-884AB0EDB167}.Release|Any CPU.Build.0 = Release|Any CPU
	EndGlobalSection
	GlobalSection(SolutionProperties) = preSolution
		HideSolutionNode = FALSE
	EndGlobalSection
EndGlobal
